# THIS IS AN AUTOGENERATED FILE. DO NOT EDIT THIS FILE DIRECTLY.
# yarn lockfile v1


"@altv/types-client@^1.9.0":
  version "1.9.0"
  resolved "https://registry.yarnpkg.com/@altv/types-client/-/types-client-1.9.0.tgz#2b1167b1f6afcaf96481e08b614984e8440e3412"
  integrity sha512-HhY6wshHsdhvwhbeZftJ/TiI/mRgd5cgm7bVHc2We8aGdlxsh0zHuhmFB97WHgUNZ2nL9AeEATgvCt7cOu1QSw==

"@altv/types-server@^2.0.7":
  version "2.0.7"
  resolved "https://registry.yarnpkg.com/@altv/types-server/-/types-server-2.0.7.tgz#02e8b8c4dd91de6e7f79d7f3deffe0d29cf7469a"
  integrity sha512-uYgYxSzZ+xXEZr6wTUUNB+qsVUW69+zV+pey/xGpAy1KlaAEQm780KCIt/inpon4TSJ30ACIU69dH/mW2Z2jJQ==

esbuild-android-arm64@0.13.10:
  version "0.13.10"
  resolved "https://registry.yarnpkg.com/esbuild-android-arm64/-/esbuild-android-arm64-0.13.10.tgz#3545c71bf01e8b36535681078cdb0191c8654452"
  integrity sha512-1sCdVAq64yMp2Uhlu+97/enFxpmrj31QHtThz7K+/QGjbHa7JZdBdBsZCzWJuntKHZ+EU178tHYkvjaI9z5sGg==

esbuild-darwin-64@0.13.10:
  version "0.13.10"
  resolved "https://registry.yarnpkg.com/esbuild-darwin-64/-/esbuild-darwin-64-0.13.10.tgz#143e34d7f5d3860cc681c64c860f531e60496b5b"
  integrity sha512-XlL+BYZ2h9cz3opHfFgSHGA+iy/mljBFIRU9q++f9SiBXEZTb4gTW/IENAD1l9oKH0FdO9rUpyAfV+lM4uAxrg==

esbuild-darwin-arm64@0.13.10:
  version "0.13.10"
  resolved "https://registry.yarnpkg.com/esbuild-darwin-arm64/-/esbuild-darwin-arm64-0.13.10.tgz#456a044b789d5d256af8d264314da5217ca9fcd1"
  integrity sha512-RZMMqMTyActMrXKkW71IQO8B0tyQm0Bm+ZJQWNaHJchL5LlqazJi7rriwSocP+sKLszHhsyTEBBh6qPdw5g5yQ==

esbuild-freebsd-64@0.13.10:
  version "0.13.10"
  resolved "https://registry.yarnpkg.com/esbuild-freebsd-64/-/esbuild-freebsd-64-0.13.10.tgz#dcd829a4a95226716faae8a2f378f08688f921b6"
  integrity sha512-pf4BEN9reF3jvZEZdxljVgOv5JS4kuYFCI78xk+2HWustbLvTP0b9XXfWI/OD0ZLWbyLYZYIA+VbVe4tdAklig==

esbuild-freebsd-arm64@0.13.10:
  version "0.13.10"
  resolved "https://registry.yarnpkg.com/esbuild-freebsd-arm64/-/esbuild-freebsd-arm64-0.13.10.tgz#116c254b3eb1b9d1dd6f12e0271967de4512ca09"
  integrity sha512-j9PUcuNWmlxr4/ry4dK/s6zKh42Jhh/N5qnAAj7tx3gMbkIHW0JBoVSbbgp97p88X9xgKbXx4lG2sJDhDWmsYQ==

esbuild-linux-32@0.13.10:
  version "0.13.10"
  resolved "https://registry.yarnpkg.com/esbuild-linux-32/-/esbuild-linux-32-0.13.10.tgz#131971622c38e5aa014303a494a1b5c3cc90f2be"
  integrity sha512-imtdHG5ru0xUUXuc2ofdtyw0fWlHYXV7JjF7oZHgmn0b+B4o4Nr6ZON3xxoo1IP8wIekW+7b9exIf/MYq0QV7w==

esbuild-linux-64@0.13.10:
  version "0.13.10"
  resolved "https://registry.yarnpkg.com/esbuild-linux-64/-/esbuild-linux-64-0.13.10.tgz#48826c388abd5dde3fc098a8ef38d8b548674f93"
  integrity sha512-O7fzQIH2e7GC98dvoTH0rad5BVLm9yU3cRWfEmryCEIFTwbNEWCEWOfsePuoGOHRtSwoVY1hPc21CJE4/9rWxQ==

esbuild-linux-arm64@0.13.10:
  version "0.13.10"
  resolved "https://registry.yarnpkg.com/esbuild-linux-arm64/-/esbuild-linux-arm64-0.13.10.tgz#0be9ffc92e30641869c7fbca0ec5d30fa8cbddd6"
  integrity sha512-bkGxN67S2n0PF4zhh87/92kBTsH2xXLuH6T5omReKhpXdJZF5SVDSk5XU/nngARzE+e6QK6isK060Dr5uobzNw==

esbuild-linux-arm@0.13.10:
  version "0.13.10"
  resolved "https://registry.yarnpkg.com/esbuild-linux-arm/-/esbuild-linux-arm-0.13.10.tgz#8c15bcaa41a022c834f049a71a7d1fbade507532"
  integrity sha512-R2Jij4A0K8BcmBehvQeUteQEcf24Y2YZ6mizlNFuJOBPxe3vZNmkZ4mCE7Pf1tbcqA65qZx8J3WSHeGJl9EsJA==

esbuild-linux-mips64le@0.13.10:
  version "0.13.10"
  resolved "https://registry.yarnpkg.com/esbuild-linux-mips64le/-/esbuild-linux-mips64le-0.13.10.tgz#5bb33a2bc82e9c78ed724f345a8359610ddc9695"
  integrity sha512-UDNO5snJYOLWrA2uOUxM/PVbzzh2TR7Zf2i8zCCuFlYgvAb/81XO+Tasp3YAElDpp4VGqqcpBXLtofa9nrnJGA==

esbuild-linux-ppc64le@0.13.10:
  version "0.13.10"
  resolved "https://registry.yarnpkg.com/esbuild-linux-ppc64le/-/esbuild-linux-ppc64le-0.13.10.tgz#18703cd0d52447d97486735b8e79fba7d81eac65"
  integrity sha512-xu6J9rMWu1TcEGuEmoc8gsTrJCEPsf+QtxK4IiUZNde9r4Q4nlRVah4JVZP3hJapZgZJcxsse0XiKXh1UFdOeA==

esbuild-netbsd-64@0.13.10:
  version "0.13.10"
  resolved "https://registry.yarnpkg.com/esbuild-netbsd-64/-/esbuild-netbsd-64-0.13.10.tgz#3ecb06158aadb5b7396a5b7632069181b1591c56"
  integrity sha512-d+Gr0ScMC2J83Bfx/ZvJHK0UAEMncctwgjRth9d4zppYGLk/xMfFKxv5z1ib8yZpQThafq8aPm8AqmFIJrEesw==

esbuild-openbsd-64@0.13.10:
  version "0.13.10"
  resolved "https://registry.yarnpkg.com/esbuild-openbsd-64/-/esbuild-openbsd-64-0.13.10.tgz#3a6950b1d955de921ac52f7af0b4865e89d6e4f1"
  integrity sha512-OuCYc+bNKumBvxflga+nFzZvxsgmWQW+z4rMGIjM5XIW0nNbGgRc5p/0PSDv0rTdxAmwCpV69fezal0xjrDaaA==

esbuild-sunos-64@0.13.10:
  version "0.13.10"
  resolved "https://registry.yarnpkg.com/esbuild-sunos-64/-/esbuild-sunos-64-0.13.10.tgz#ad407f721a8b5727fca31958b5eab1b0232e2d73"
  integrity sha512-gUkgivZK11bD56wDoLsnYrsOHD/zHzzLSdqKcIl3wRMulfHpRBpoX8gL0dbWr+8N9c+1HDdbNdvxSRmZ4RCVwg==

esbuild-windows-32@0.13.10:
  version "0.13.10"
  resolved "https://registry.yarnpkg.com/esbuild-windows-32/-/esbuild-windows-32-0.13.10.tgz#ddaaa0b6e172df6512edc7a91bd2456615cfa914"
  integrity sha512-C1xJ54E56dGWRaYcTnRy7amVZ9n1/D/D2/qVw7e5EtS7p+Fv/yZxxgqyb1hMGKXgtFYX4jMpU5eWBF/AsYrn+A==

esbuild-windows-64@0.13.10:
  version "0.13.10"
  resolved "https://registry.yarnpkg.com/esbuild-windows-64/-/esbuild-windows-64-0.13.10.tgz#93d861abf36bf71b6e61f5cbd2e42762ce5cb83a"
  integrity sha512-6+EXEXopEs3SvPFAHcps2Krp/FvqXXsOQV33cInmyilb0ZBEQew4MIoZtMIyB3YXoV6//dl3i6YbPrFZaWEinQ==

esbuild-windows-arm64@0.13.10:
  version "0.13.10"
  resolved "https://registry.yarnpkg.com/esbuild-windows-arm64/-/esbuild-windows-arm64-0.13.10.tgz#85a2d338aaa8b0cd1d8ecbe9150def9a608e8947"
  integrity sha512-xTqM/XKhORo6u9S5I0dNJWEdWoemFjogLUTVLkQMVyUV3ZuMChahVA+bCqKHdyX55pCFxD/8v2fm3/sfFMWN+g==

esbuild@^0.13.10:
  version "0.13.10"
  resolved "https://registry.yarnpkg.com/esbuild/-/esbuild-0.13.10.tgz#e3d24d59f1d8b2130d746ca858efcb80e1d99b26"
  integrity sha512-0NfCsnAh5XatHIx6Cu93wpR2v6opPoOMxONYhaAoZKzGYqAE+INcDeX2wqMdcndvPQdWCuuCmvlnsh0zmbHcSQ==
  optionalDependencies:
    esbuild-android-arm64 "0.13.10"
    esbuild-darwin-64 "0.13.10"
    esbuild-darwin-arm64 "0.13.10"
    esbuild-freebsd-64 "0.13.10"
    esbuild-freebsd-arm64 "0.13.10"
    esbuild-linux-32 "0.13.10"
    esbuild-linux-64 "0.13.10"
    esbuild-linux-arm "0.13.10"
    esbuild-linux-arm64 "0.13.10"
    esbuild-linux-mips64le "0.13.10"
    esbuild-linux-ppc64le "0.13.10"
    esbuild-netbsd-64 "0.13.10"
    esbuild-openbsd-64 "0.13.10"
    esbuild-sunos-64 "0.13.10"
    esbuild-windows-32 "0.13.10"
    esbuild-windows-64 "0.13.10"
    esbuild-windows-arm64 "0.13.10"

typescript@^4.4.4:
  version "4.4.4"
  resolved "https://registry.yarnpkg.com/typescript/-/typescript-4.4.4.tgz#2cd01a1a1f160704d3101fd5a58ff0f9fcb8030c"
  integrity sha512-DqGhF5IKoBl8WNf8C1gu8q0xZSInh9j1kJJMqT3a94w1JzVaBU4EXOSMrz9yDqMT0xt3selp83fuFMQ0uzv6qA==
